(setq el-get-lock-package-versions
      '((yasnippet :checksum "497867cea5395ddfd2d482176bd789de9b1576b8")
        (flycheck :checksum "469e7b7fd50c1c799fdf152a51f6722f4509dd9c")
        (undo-tree :checksum "a3e81b682053a81e082139300ef0a913a7a610a2")
        (recentf-ext :checksum "495bfe07e8a759f1e6dfbd45e62ae2f72404ff79")
        (magit :checksum "cac6b5b0f7ae809f64659810fc53dfa66f1c3257")
        (emacs-async :checksum "1c57dc30997ac2d1bf06630238b1d517d88e573f")
        (with-editor :checksum "d28d07497f67fea4c62fe7a2d3201fd86fb64fe2")
        (coffee-mode :checksum "e1331a2b1f29fe54a0d8b4facfa02ab2e115b7b2")
        (rspec-mode :checksum "031d36dab878e5aa2f7e26ec2fa639903e17303e")
        (anzu :checksum "174b940c7e53e9e8180abc718d61dd200f7748be")
        (avy :checksum "4c072be8e6fd495f33b95375a2ed5d14a452627a")
        (ace-jump-mode :checksum "8351e2df4fbbeb2a4003f2fb39f46d33803f3dac")
        (ace-isearch :checksum "9a32a039623e3907a4fce959aa48c26a79fb249b")
        (helm-swoop :checksum "fd01dac3d647544f4ca297ca9963859b07ebe354")
        (helm-ag :checksum "be0e4ea26f8e34f3be10bf96bdcd1b2d4fc07228")
        (ag :checksum "29d40fdaa4f605e9a6bf689050f0767f3ba22307")
        (helm-ls-git :checksum "841400ff302c5fdcba55fd6b2a18a01b420fcfd2")
        (helm :checksum "6a63dbf88f7206250ec40a107638400da7251e27")
        (fuzzy :checksum "534d723ad2e06322ff8d9bd0ba4863d243f698e7")
        (s :checksum "b2436c2ee5c1f3284b567c4cd48e5b4ed953d49e")
        (rake :checksum "eba311a8f5ccfb6535efbc26fa58c43e3f1e5515")
        (projectile-rails :checksum "630976485dbbf21bf27d2f192442a14ea5f8f25e")
        (pkg-info :checksum "4dbe328c9eced79e0004e3fdcd7bfb997a928be5")
        (inf-ruby :checksum "1d6fef6eba227f72632de858e4702947fc2e476d")
        (projectile :checksum "bd68bf45bad027d2f1c32ca88da9e7a01b67664a")
        (popup :checksum "8eee9c57288d12073d331a9eb4c172358d268455")
        (git-commit-mode :checksum "0bcbffd05ffa82fa788e0c8e63c03dd072f42bf9")
        (el-get :checksum "9bf186c63351ffc0b8f878a22901a60999b36085")
        (f :checksum "b1bef260ed283b80dfa89f28886cc624ef72f3a0")
        (epl :checksum "a5ad061d0a5eb42f66c384e55d102da7d52c96b0")
        (dash :checksum "a9f90d7834337dadee1a69f2089e39fd81b22ba7")
        (auto-complete :checksum "08af29236e686c876ac7a45670562f3487ff02e0")
        (el-get-lock :checksum "046ffb568c6964ea30813338234aea2d60a5c632")))
(setq el-get-lock-locked-packages 'nil)
(setq el-get-lock-unlocked-packages 'nil)
