(setq el-get-lock-package-versions
      '((helm-ls-git :checksum "841400ff302c5fdcba55fd6b2a18a01b420fcfd2")
        (helm :checksum "8f5ec4effd988dcfe987a7e7ab14fd6daa821c81")
        (fuzzy :checksum "534d723ad2e06322ff8d9bd0ba4863d243f698e7")
        (s :checksum "b2436c2ee5c1f3284b567c4cd48e5b4ed953d49e")
        (rake :checksum "eba311a8f5ccfb6535efbc26fa58c43e3f1e5515")
        (projectile-rails :checksum "087fe5ac7d1013e55acffd2dab1867c4ac57ec19")
        (pkg-info :checksum "4dbe328c9eced79e0004e3fdcd7bfb997a928be5")
        (inf-ruby :checksum "505a7bc140173933f0b16d3bc13404ebe0d615fd")
        (projectile :checksum "bd68bf45bad027d2f1c32ca88da9e7a01b67664a")
        (popup :checksum "8eee9c57288d12073d331a9eb4c172358d268455")
        (git-commit-mode :checksum "0bcbffd05ffa82fa788e0c8e63c03dd072f42bf9")
        (el-get :checksum "ee3105dfe4d23101689aeecf6f31bbfc7623fd21")
        (f :checksum "b1bef260ed283b80dfa89f28886cc624ef72f3a0")
        (epl :checksum "a5ad061d0a5eb42f66c384e55d102da7d52c96b0")
        (dash :checksum "a9f90d7834337dadee1a69f2089e39fd81b22ba7")
        (auto-complete :checksum "0655b7f1e6c0f8475adc55f2b86404a877f26a77")
        (el-get-lock :checksum "046ffb568c6964ea30813338234aea2d60a5c632")))
(setq el-get-lock-locked-packages 'nil)
(setq el-get-lock-unlocked-packages 'nil)
